{
  "version": 4,
  "terraform_version": "0.12.24",
  "serial": 1,
  "lineage": "35ac7b8c-a14e-9081-1430-a6d3b70c2fed",
  "outputs": {},
  "resources": [
    {
      "mode": "managed",
      "type": "aws_ecs_cluster",
      "name": "foo",
      "provider": "provider.aws",
      "instances": [
        {
          "schema_version": 0,
          "attributes": {
            "arn": "arn:aws:ecs:eu-west-1:318300607610:cluster/white-hart",
            "capacity_providers": null,
            "default_capacity_provider_strategy": [],
            "id": "arn:aws:ecs:eu-west-1:318300607610:cluster/white-hart",
            "name": "white-hart",
            "setting": [
              {
                "name": "containerInsights",
                "value": "enabled"
              }
            ],
            "tags": null
          },
          "private": "bnVsbA=="
        }
      ]
    }
  ]
}
