{
  "version": 4,
  "terraform_version": "0.12.24",
  "serial": 6,
  "lineage": "72857456-17e6-1274-df02-545f34993fb5",
  "outputs": {},
  "resources": [
    {
      "mode": "managed",
      "type": "aws_eip",
      "name": "ip",
      "provider": "provider.aws",
      "instances": [
        {
          "schema_version": 0,
          "attributes": {
            "allocation_id": null,
            "associate_with_private_ip": null,
            "association_id": "eipassoc-0e977eb2ac12b5924",
            "domain": "vpc",
            "id": "eipalloc-096997007aa5832fa",
            "instance": "i-0e7f7a53c29afcf53",
            "network_interface": "eni-0b5775713f0e3bb59",
            "private_dns": "ip-172-31-43-209.eu-west-1.compute.internal",
            "private_ip": "172.31.43.209",
            "public_dns": "ec2-52-18-184-77.eu-west-1.compute.amazonaws.com",
            "public_ip": "52.18.184.77",
            "public_ipv4_pool": "amazon",
            "tags": null,
            "timeouts": null,
            "vpc": true
          }
        }
      ]
    },
    {
      "mode": "managed",
      "type": "aws_eip_association",
      "name": "eip_assoc",
      "provider": "provider.aws",
      "instances": [
        {
          "schema_version": 0,
          "attributes": {
            "allocation_id": "eipalloc-096997007aa5832fa",
            "allow_reassociation": null,
            "id": "eipassoc-0e977eb2ac12b5924",
            "instance_id": "i-0e7f7a53c29afcf53",
            "network_interface_id": "eni-0b5775713f0e3bb59",
            "private_ip_address": "172.31.43.209",
            "public_ip": "52.18.184.77"
          },
          "dependencies": [
            "aws_eip.ip",
            "aws_instance.example"
          ]
        }
      ]
    },
    {
      "mode": "managed",
      "type": "aws_instance",
      "name": "example",
      "provider": "provider.aws",
      "instances": [
        {
          "schema_version": 1,
          "attributes": {
            "ami": "ami-0701e7be9b2a77600",
            "arn": "arn:aws:ec2:eu-west-1:154368581375:instance/i-0e7f7a53c29afcf53",
            "associate_public_ip_address": true,
            "availability_zone": "eu-west-1b",
            "cpu_core_count": 1,
            "cpu_threads_per_core": 1,
            "credit_specification": [
              {
                "cpu_credits": "standard"
              }
            ],
            "disable_api_termination": false,
            "ebs_block_device": [],
            "ebs_optimized": false,
            "ephemeral_block_device": [],
            "get_password_data": false,
            "host_id": null,
            "iam_instance_profile": "",
            "id": "i-0e7f7a53c29afcf53",
            "instance_initiated_shutdown_behavior": null,
            "instance_state": "running",
            "instance_type": "t2.micro",
            "ipv6_address_count": 0,
            "ipv6_addresses": [],
            "key_name": "",
            "monitoring": false,
            "network_interface": [],
            "network_interface_id": null,
            "password_data": "",
            "placement_group": "",
            "primary_network_interface_id": "eni-0b5775713f0e3bb59",
            "private_dns": "ip-172-31-43-209.eu-west-1.compute.internal",
            "private_ip": "172.31.43.209",
            "public_dns": "ec2-52-18-184-77.eu-west-1.compute.amazonaws.com",
            "public_ip": "52.18.184.77",
            "root_block_device": [
              {
                "delete_on_termination": true,
                "iops": 100,
                "volume_id": "vol-006b2a8146c9d2229",
                "volume_size": 8,
                "volume_type": "gp2"
              }
            ],
            "security_groups": [
              "default"
            ],
            "source_dest_check": true,
            "subnet_id": "subnet-e3385db9",
            "tags": {
              "Name": "Terraform2"
            },
            "tenancy": "default",
            "timeouts": null,
            "user_data": null,
            "user_data_base64": null,
            "volume_tags": {},
            "vpc_security_group_ids": [
              "sg-1b255756"
            ]
          }
        }
      ]
    },
    {
      "mode": "managed",
      "type": "aws_security_group",
      "name": "allow_tls",
      "provider": "provider.aws",
      "instances": [
        {
          "schema_version": 1,
          "attributes": {
            "arn": "arn:aws:ec2:eu-west-1:154368581375:security-group/sg-0eb4af6e4fc17ec2c",
            "description": "Managed by Terraform",
            "egress": [],
            "id": "sg-0eb4af6e4fc17ec2c",
            "ingress": [
              {
                "cidr_blocks": [
                  "52.18.184.77/32"
                ],
                "description": "",
                "from_port": 443,
                "ipv6_cidr_blocks": [],
                "prefix_list_ids": [],
                "protocol": "tcp",
                "security_groups": [],
                "self": false,
                "to_port": 443
              }
            ],
            "name": "my-security-group",
            "name_prefix": null,
            "owner_id": "154368581375",
            "revoke_rules_on_delete": false,
            "tags": null,
            "timeouts": null,
            "vpc_id": "vpc-0c4ba475"
          },
          "private": "eyJlMmJmYjczMC1lY2FhLTExZTYtOGY4OC0zNDM2M2JjN2M0YzAiOnsiY3JlYXRlIjo2MDAwMDAwMDAwMDAsImRlbGV0ZSI6NjAwMDAwMDAwMDAwfSwic2NoZW1hX3ZlcnNpb24iOiIxIn0=",
          "dependencies": [
            "aws_eip.ip"
          ]
        }
      ]
    }
  ]
}
