{
  "version": 4,
  "terraform_version": "0.12.24",
  "serial": 6,
  "lineage": "8e010d12-ed2e-159b-677d-40cea3adb3d0",
  "outputs": {},
  "resources": [
    {
      "mode": "managed",
      "type": "aws_iam_user",
      "name": "lb",
      "each": "list",
      "provider": "provider.aws",
      "instances": [
        {
          "index_key": 0,
          "schema_version": 0,
          "attributes": {
            "arn": "arn:aws:iam::154368581375:user/loadbalancer.0",
            "force_destroy": false,
            "id": "loadbalancer.0",
            "name": "loadbalancer.0",
            "path": "/",
            "permissions_boundary": null,
            "tags": null,
            "unique_id": "AIDASH4IVT37WDGVN64FF"
          },
          "private": "bnVsbA=="
        },
        {
          "index_key": 1,
          "schema_version": 0,
          "attributes": {
            "arn": "arn:aws:iam::154368581375:user/loadbalancer.1",
            "force_destroy": false,
            "id": "loadbalancer.1",
            "name": "loadbalancer.1",
            "path": "/",
            "permissions_boundary": null,
            "tags": null,
            "unique_id": "AIDASH4IVT376CAV6AHX3"
          },
          "private": "bnVsbA=="
        },
        {
          "index_key": 2,
          "schema_version": 0,
          "attributes": {
            "arn": "arn:aws:iam::154368581375:user/loadbalancer.2",
            "force_destroy": false,
            "id": "loadbalancer.2",
            "name": "loadbalancer.2",
            "path": "/",
            "permissions_boundary": null,
            "tags": null,
            "unique_id": "AIDASH4IVT37QP3PF762D"
          },
          "private": "bnVsbA=="
        },
        {
          "index_key": 3,
          "schema_version": 0,
          "attributes": {
            "arn": "arn:aws:iam::154368581375:user/loadbalancer.3",
            "force_destroy": false,
            "id": "loadbalancer.3",
            "name": "loadbalancer.3",
            "path": "/",
            "permissions_boundary": null,
            "tags": null,
            "unique_id": "AIDASH4IVT37TRCL5HARQ"
          },
          "private": "bnVsbA=="
        },
        {
          "index_key": 4,
          "schema_version": 0,
          "attributes": {
            "arn": "arn:aws:iam::154368581375:user/loadbalancer.4",
            "force_destroy": false,
            "id": "loadbalancer.4",
            "name": "loadbalancer.4",
            "path": "/",
            "permissions_boundary": null,
            "tags": null,
            "unique_id": "AIDASH4IVT373GEQM3R2R"
          },
          "private": "bnVsbA=="
        }
      ]
    }
  ]
}
